
Microsoft Visual Studio Solution File, Format Version 12.00
# Visual Studio Version 17
VisualStudioVersion = 17.11.35312.102
MinimumVisualStudioVersion = 10.0.40219.1
Project("{FAE04EC0-301F-11D3-BF4B-00C04F79EFBC}") = "BinarySearch_Lower_Bound", "BinarySearch_Lower_Bound.csproj", "{BAFE4351-2A6F-4256-91CD-4E1454F60297}"
EndProject
Global
	GlobalSection(SolutionConfigurationPlatforms) = preSolution
		Debug|Any CPU = Debug|Any CPU
		Release|Any CPU = Release|Any CPU
	EndGlobalSection
	GlobalSection(ProjectConfigurationPlatforms) = postSolution
		{BAFE4351-2A6F-4256-91CD-4E1454F60297}.Debug|Any CPU.ActiveCfg = Debug|Any CPU
		{BAFE4351-2A6F-4256-91CD-4E1454F60297}.Debug|Any CPU.Build.0 = Debug|Any CPU
		{BAFE4351-2A6F-4256-91CD-4E1454F60297}.Release|Any CPU.ActiveCfg = Release|Any CPU
		{BAFE4351-2A6F-4256-91CD-4E1454F60297}.Release|Any CPU.Build.0 = Release|Any CPU
	EndGlobalSection
	GlobalSection(SolutionProperties) = preSolution
		HideSolutionNode = FALSE
	EndGlobalSection
	GlobalSection(ExtensibilityGlobals) = postSolution
		SolutionGuid = {0C74D405-9EBB-407D-BF92-94209B7599AA}
	EndGlobalSection
EndGlobal
